// !$*UTF8*$!
{
	archiveVersion = 1;
	classes = {
	};
	objectVersion = 56;
	objects = {

/* Begin PBXBuildFile section */
		0F872214295E043D00D6440C /* AppDelegate.swift in Sources */ = {isa = PBXBuildFile; fileRef = 0F872213295E043D00D6440C /* AppDelegate.swift */; };
		0F872216295E043D00D6440C /* SceneDelegate.swift in Sources */ = {isa = PBXBuildFile; fileRef = 0F872215295E043D00D6440C /* SceneDelegate.swift */; };
		0F872218295E043D00D6440C /* ViewController.swift in Sources */ = {isa = PBXBuildFile; fileRef = 0F872217295E043D00D6440C /* ViewController.swift */; };
		0F87221B295E043D00D6440C /* Main.storyboard in Resources */ = {isa = PBXBuildFile; fileRef = 0F872219295E043D00D6440C /* Main.storyboard */; };
		0F87221D295E043D00D6440C /* Assets.xcassets in Resources */ = {isa = PBXBuildFile; fileRef = 0F87221C295E043D00D6440C /* Assets.xcassets */; };
		0F872220295E043D00D6440C /* LaunchScreen.storyboard in Resources */ = {isa = PBXBuildFile; fileRef = 0F87221E295E043D00D6440C /* LaunchScreen.storyboard */; };
		0F87222B295E043E00D6440C /* RideSharerTests.swift in Sources */ = {isa = PBXBuildFile; fileRef = 0F87222A295E043E00D6440C /* RideSharerTests.swift */; };
		0F872235295E043E00D6440C /* RideSharerUITests.swift in Sources */ = {isa = PBXBuildFile; fileRef = 0F872234295E043E00D6440C /* RideSharerUITests.swift */; };
		0F872237295E043E00D6440C /* RideSharerUITestsLaunchTests.swift in Sources */ = {isa = PBXBuildFile; fileRef = 0F872236295E043E00D6440C /* RideSharerUITestsLaunchTests.swift */; };
/* End PBXBuildFile section */

/* Begin PBXContainerItemProxy section */
		0F872227295E043E00D6440C /* PBXContainerItemProxy */ = {
			isa = PBXContainerItemProxy;
			containerPortal = 0F872208295E043D00D6440C /* Project object */;
			proxyType = 1;
			remoteGlobalIDString = 0F87220F295E043D00D6440C;
			remoteInfo = RideSharer;
		};
		0F872231295E043E00D6440C /* PBXContainerItemProxy */ = {
			isa = PBXContainerItemProxy;
			containerPortal = 0F872208295E043D00D6440C /* Project object */;
			proxyType = 1;
			remoteGlobalIDString = 0F87220F295E043D00D6440C;
			remoteInfo = RideSharer;
		};
/* End PBXContainerItemProxy section */

/* Begin PBXFileReference section */
		0F872210295E043D00D6440C /* RideSharer.app */ = {isa = PBXFileReference; explicitFileType = wrapper.application; includeInIndex = 0; path = RideSharer.app; sourceTree = BUILT_PRODUCTS_DIR; };
		0F872213295E043D00D6440C /* AppDelegate.swift */ = {isa = PBXFileReference; lastKnownFileType = sourcecode.swift; path = AppDelegate.swift; sourceTree = "<group>"; };
		0F872215295E043D00D6440C /* SceneDelegate.swift */ = {isa = PBXFileReference; lastKnownFileType = sourcecode.swift; path = SceneDelegate.swift; sourceTree = "<group>"; };
		0F872217295E043D00D6440C /* ViewController.swift */ = {isa = PBXFileReference; lastKnownFileType = sourcecode.swift; path = ViewController.swift; sourceTree = "<group>"; };
		0F87221A295E043D00D6440C /* Base */ = {isa = PBXFileReference; lastKnownFileType = file.storyboard; name = Base; path = Base.lproj/Main.storyboard; sourceTree = "<group>"; };
		0F87221C295E043D00D6440C /* Assets.xcassets */ = {isa = PBXFileReference; lastKnownFileType = folder.assetcatalog; path = Assets.xcassets; sourceTree = "<group>"; };
		0F87221F295E043D00D6440C /* Base */ = {isa = PBXFileReference; lastKnownFileType = file.storyboard; name = Base; path = Base.lproj/LaunchScreen.storyboard; sourceTree = "<group>"; };
		0F872221295E043D00D6440C /* Info.plist */ = {isa = PBXFileReference; lastKnownFileType = text.plist.xml; path = Info.plist; sourceTree = "<group>"; };
		0F872226295E043E00D6440C /* RideSharerTests.xctest */ = {isa = PBXFileReference; explicitFileType = wrapper.cfbundle; includeInIndex = 0; path = RideSharerTests.xctest; sourceTree = BUILT_PRODUCTS_DIR; };
		0F87222A295E043E00D6440C /* RideSharerTests.swift */ = {isa = PBXFileReference; lastKnownFileType = sourcecode.swift; path = RideSharerTests.swift; sourceTree = "<group>"; };
		0F872230295E043E00D6440C /* RideSharerUITests.xctest */ = {isa = PBXFileReference; explicitFileType = wrapper.cfbundle; includeInIndex = 0; path = RideSharerUITests.xctest; sourceTree = BUILT_PRODUCTS_DIR; };
		0F872234295E043E00D6440C /* RideSharerUITests.swift */ = {isa = PBXFileReference; lastKnownFileType = sourcecode.swift; path = RideSharerUITests.swift; sourceTree = "<group>"; };
		0F872236295E043E00D6440C /* RideSharerUITestsLaunchTests.swift */ = {isa = PBXFileReference; lastKnownFileType = sourcecode.swift; path = RideSharerUITestsLaunchTests.swift; sourceTree = "<group>"; };
/* End PBXFileReference section */

/* Begin PBXFrameworksBuildPhase section */
		0F87220D295E043D00D6440C /* Frameworks */ = {
			isa = PBXFrameworksBuildPhase;
			buildActionMask = 2147483647;
			files = (
			);
			runOnlyForDeploymentPostprocessing = 0;
		};
		0F872223295E043E00D6440C /* Frameworks */ = {
			isa = PBXFrameworksBuildPhase;
			buildActionMask = 2147483647;
			files = (
			);
			runOnlyForDeploymentPostprocessing = 0;
		};
		0F87222D295E043E00D6440C /* Frameworks */ = {
			isa = PBXFrameworksBuildPhase;
			buildActionMask = 2147483647;
			files = (
			);
			runOnlyForDeploymentPostprocessing = 0;
		};
/* End PBXFrameworksBuildPhase section */

/* Begin PBXGroup section */
		0F872207295E043D00D6440C = {
			isa = PBXGroup;
			children = (
				0F872212295E043D00D6440C /* RideSharer */,
				0F872229295E043E00D6440C /* RideSharerTests */,
				0F872233295E043E00D6440C /* RideSharerUITests */,
				0F872211295E043D00D6440C /* Products */,
			);
			sourceTree = "<group>";
		};
		0F872211295E043D00D6440C /* Products */ = {
			isa = PBXGroup;
			children = (
				0F872210295E043D00D6440C /* RideSharer.app */,
				0F872226295E043E00D6440C /* RideSharerTests.xctest */,
				0F872230295E043E00D6440C /* RideSharerUITests.xctest */,
			);
			name = Products;
			sourceTree = "<group>";
		};
		0F872212295E043D00D6440C /* RideSharer */ = {
			isa = PBXGroup;
			children = (
				0F872213295E043D00D6440C /* AppDelegate.swift */,
				0F872215295E043D00D6440C /* SceneDelegate.swift */,
				0F872217295E043D00D6440C /* ViewController.swift */,
				0F872219295E043D00D6440C /* Main.storyboard */,
				0F87221C295E043D00D6440C /* Assets.xcassets */,
				0F87221E295E043D00D6440C /* LaunchScreen.storyboard */,
				0F872221295E043D00D6440C /* Info.plist */,
			);
			path = RideSharer;
			sourceTree = "<group>";
		};
		0F872229295E043E00D6440C /* RideSharerTests */ = {
			isa = PBXGroup;
			children = (
				0F87222A295E043E00D6440C /* RideSharerTests.swift */,
			);
			path = RideSharerTests;
			sourceTree = "<group>";
		};
		0F872233295E043E00D6440C /* RideSharerUITests */ = {
			isa = PBXGroup;
			children = (
				0F872234295E043E00D6440C /* RideSharerUITests.swift */,
				0F872236295E043E00D6440C /* RideSharerUITestsLaunchTests.swift */,
			);
			path = RideSharerUITests;
			sourceTree = "<group>";
		};
/* End PBXGroup section */

/* Begin PBXNativeTarget section */
		0F87220F295E043D00D6440C /* RideSharer */ = {
			isa = PBXNativeTarget;
			buildConfigurationList = 0F87223A295E043E00D6440C /* Build configuration list for PBXNativeTarget "RideSharer" */;
			buildPhases = (
				0F87220C295E043D00D6440C /* Sources */,
				0F87220D295E043D00D6440C /* Frameworks */,
				0F87220E295E043D00D6440C /* Resources */,
			);
			buildRules = (
			);
			dependencies = (
			);
			name = RideSharer;
			productName = RideSharer;
			productReference = 0F872210295E043D00D6440C /* RideSharer.app */;
			productType = "com.apple.product-type.application";
		};
		0F872225295E043E00D6440C /* RideSharerTests */ = {
			isa = PBXNativeTarget;
			buildConfigurationList = 0F87223D295E043E00D6440C /* Build configuration list for PBXNativeTarget "RideSharerTests" */;
			buildPhases = (
				0F872222295E043E00D6440C /* Sources */,
				0F872223295E043E00D6440C /* Frameworks */,
				0F872224295E043E00D6440C /* Resources */,
			);
			buildRules = (
			);
			dependencies = (
				0F872228295E043E00D6440C /* PBXTargetDependency */,
			);
			name = RideSharerTests;
			productName = RideSharerTests;
			productReference = 0F872226295E043E00D6440C /* RideSharerTests.xctest */;
			productType = "com.apple.product-type.bundle.unit-test";
		};
		0F87222F295E043E00D6440C /* RideSharerUITests */ = {
			isa = PBXNativeTarget;
			buildConfigurationList = 0F872240295E043E00D6440C /* Build configuration list for PBXNativeTarget "RideSharerUITests" */;
			buildPhases = (
				0F87222C295E043E00D6440C /* Sources */,
				0F87222D295E043E00D6440C /* Frameworks */,
				0F87222E295E043E00D6440C /* Resources */,
			);
			buildRules = (
			);
			dependencies = (
				0F872232295E043E00D6440C /* PBXTargetDependency */,
			);
			name = RideSharerUITests;
			productName = RideSharerUITests;
			productReference = 0F872230295E043E00D6440C /* RideSharerUITests.xctest */;
			productType = "com.apple.product-type.bundle.ui-testing";
		};
/* End PBXNativeTarget section */

/* Begin PBXProject section */
		0F872208295E043D00D6440C /* Project object */ = {
			isa = PBXProject;
			attributes = {
				BuildIndependentTargetsInParallel = 1;
				LastSwiftUpdateCheck = 1420;
				LastUpgradeCheck = 1420;
				TargetAttributes = {
					0F87220F295E043D00D6440C = {
						CreatedOnToolsVersion = 14.2;
					};
					0F872225295E043E00D6440C = {
						CreatedOnToolsVersion = 14.2;
						TestTargetID = 0F87220F295E043D00D6440C;
					};
					0F87222F295E043E00D6440C = {
						CreatedOnToolsVersion = 14.2;
						TestTargetID = 0F87220F295E043D00D6440C;
					};
				};
			};
			buildConfigurationList = 0F87220B295E043D00D6440C /* Build configuration list for PBXProject "RideSharer" */;
			compatibilityVersion = "Xcode 14.0";
			developmentRegion = en;
			hasScannedForEncodings = 0;
			knownRegions = (
				en,
				Base,
			);
			mainGroup = 0F872207295E043D00D6440C;
			productRefGroup = 0F872211295E043D00D6440C /* Products */;
			projectDirPath = "";
			projectRoot = "";
			targets = (
				0F87220F295E043D00D6440C /* RideSharer */,
				0F872225295E043E00D6440C /* RideSharerTests */,
				0F87222F295E043E00D6440C /* RideSharerUITests */,
			);
		};
/* End PBXProject section */

/* Begin PBXResourcesBuildPhase section */
		0F87220E295E043D00D6440C /* Resources */ = {
			isa = PBXResourcesBuildPhase;
			buildActionMask = 2147483647;
			files = (
				0F872220295E043D00D6440C /* LaunchScreen.storyboard in Resources */,
				0F87221D295E043D00D6440C /* Assets.xcassets in Resources */,
				0F87221B295E043D00D6440C /* Main.storyboard in Resources */,
			);
			runOnlyForDeploymentPostprocessing = 0;
		};
		0F872224295E043E00D6440C /* Resources */ = {
			isa = PBXResourcesBuildPhase;
			buildActionMask = 2147483647;
			files = (
			);
			runOnlyForDeploymentPostprocessing = 0;
		};
		0F87222E295E043E00D6440C /* Resources */ = {
			isa = PBXResourcesBuildPhase;
			buildActionMask = 2147483647;
			files = (
			);
			runOnlyForDeploymentPostprocessing = 0;
		};
/* End PBXResourcesBuildPhase section */

/* Begin PBXSourcesBuildPhase section */
		0F87220C295E043D00D6440C /* Sources */ = {
			isa = PBXSourcesBuildPhase;
			buildActionMask = 2147483647;
			files = (
				0F872218295E043D00D6440C /* ViewController.swift in Sources */,
				0F872214295E043D00D6440C /* AppDelegate.swift in Sources */,
				0F872216295E043D00D6440C /* SceneDelegate.swift in Sources */,
			);
			runOnlyForDeploymentPostprocessing = 0;
		};
		0F872222295E043E00D6440C /* Sources */ = {
			isa = PBXSourcesBuildPhase;
			buildActionMask = 2147483647;
			files = (
				0F87222B295E043E00D6440C /* RideSharerTests.swift in Sources */,
			);
			runOnlyForDeploymentPostprocessing = 0;
		};
		0F87222C295E043E00D6440C /* Sources */ = {
			isa = PBXSourcesBuildPhase;
			buildActionMask = 2147483647;
			files = (
				0F872235295E043E00D6440C /* RideSharerUITests.swift in Sources */,
				0F872237295E043E00D6440C /* RideSharerUITestsLaunchTests.swift in Sources */,
			);
			runOnlyForDeploymentPostprocessing = 0;
		};
/* End PBXSourcesBuildPhase section */

/* Begin PBXTargetDependency section */
		0F872228295E043E00D6440C /* PBXTargetDependency */ = {
			isa = PBXTargetDependency;
			target = 0F87220F295E043D00D6440C /* RideSharer */;
			targetProxy = 0F872227295E043E00D6440C /* PBXContainerItemProxy */;
		};
		0F872232295E043E00D6440C /* PBXTargetDependency */ = {
			isa = PBXTargetDependency;
			target = 0F87220F295E043D00D6440C /* RideSharer */;
			targetProxy = 0F872231295E043E00D6440C /* PBXContainerItemProxy */;
		};
/* End PBXTargetDependency section */

/* Begin PBXVariantGroup section */
		0F872219295E043D00D6440C /* Main.storyboard */ = {
			isa = PBXVariantGroup;
			children = (
				0F87221A295E043D00D6440C /* Base */,
			);
			name = Main.storyboard;
			sourceTree = "<group>";
		};
		0F87221E295E043D00D6440C /* LaunchScreen.storyboard */ = {
			isa = PBXVariantGroup;
			children = (
				0F87221F295E043D00D6440C /* Base */,
			);
			name = LaunchScreen.storyboard;
			sourceTree = "<group>";
		};
/* End PBXVariantGroup section */

/* Begin XCBuildConfiguration section */
		0F872238295E043E00D6440C /* Debug */ = {
			isa = XCBuildConfiguration;
			buildSettings = {
				ALWAYS_SEARCH_USER_PATHS = NO;
				CLANG_ANALYZER_NONNULL = YES;
				CLANG_ANALYZER_NUMBER_OBJECT_CONVERSION = YES_AGGRESSIVE;
				CLANG_CXX_LANGUAGE_STANDARD = "gnu++20";
				CLANG_ENABLE_MODULES = YES;
				CLANG_ENABLE_OBJC_ARC = YES;
				CLANG_ENABLE_OBJC_WEAK = YES;
				CLANG_WARN_BLOCK_CAPTURE_AUTORELEASING = YES;
				CLANG_WARN_BOOL_CONVERSION = YES;
				CLANG_WARN_COMMA = YES;
				CLANG_WARN_CONSTANT_CONVERSION = YES;
				CLANG_WARN_DEPRECATED_OBJC_IMPLEMENTATIONS = YES;
				CLANG_WARN_DIRECT_OBJC_ISA_USAGE = YES_ERROR;
				CLANG_WARN_DOCUMENTATION_COMMENTS = YES;
				CLANG_WARN_EMPTY_BODY = YES;
				CLANG_WARN_ENUM_CONVERSION = YES;
				CLANG_WARN_INFINITE_RECURSION = YES;
				CLANG_WARN_INT_CONVERSION = YES;
				CLANG_WARN_NON_LITERAL_NULL_CONVERSION = YES;
				CLANG_WARN_OBJC_IMPLICIT_RETAIN_SELF = YES;
				CLANG_WARN_OBJC_LITERAL_CONVERSION = YES;
				CLANG_WARN_OBJC_ROOT_CLASS = YES_ERROR;
				CLANG_WARN_QUOTED_INCLUDE_IN_FRAMEWORK_HEADER = YES;
				CLANG_WARN_RANGE_LOOP_ANALYSIS = YES;
				CLANG_WARN_STRICT_PROTOTYPES = YES;
				CLANG_WARN_SUSPICIOUS_MOVE = YES;
				CLANG_WARN_UNGUARDED_AVAILABILITY = YES_AGGRESSIVE;
				CLANG_WARN_UNREACHABLE_CODE = YES;
				CLANG_WARN__DUPLICATE_METHOD_MATCH = YES;
				COPY_PHASE_STRIP = NO;
				DEBUG_INFORMATION_FORMAT = dwarf;
				ENABLE_STRICT_OBJC_MSGSEND = YES;
				ENABLE_TESTABILITY = YES;
				GCC_C_LANGUAGE_STANDARD = gnu11;
				GCC_DYNAMIC_NO_PIC = NO;
				GCC_NO_COMMON_BLOCKS = YES;
				GCC_OPTIMIZATION_LEVEL = 0;
				GCC_PREPROCESSOR_DEFINITIONS = (
					"DEBUG=1",
					"$(inherited)",
				);
				GCC_WARN_64_TO_32_BIT_CONVERSION = YES;
				GCC_WARN_ABOUT_RETURN_TYPE = YES_ERROR;
				GCC_WARN_UNDECLARED_SELECTOR = YES;
				GCC_WARN_UNINITIALIZED_AUTOS = YES_AGGRESSIVE;
				GCC_WARN_UNUSED_FUNCTION = YES;
				GCC_WARN_UNUSED_VARIABLE = YES;
				IPHONEOS_DEPLOYMENT_TARGET = 16.2;
				MTL_ENABLE_DEBUG_INFO = INCLUDE_SOURCE;
				MTL_FAST_MATH = YES;
				ONLY_ACTIVE_ARCH = YES;
				SDKROOT = iphoneos;
				SWIFT_ACTIVE_COMPILATION_CONDITIONS = DEBUG;
				SWIFT_OPTIMIZATION_LEVEL = "-Onone";
			};
			name = Debug;
		};
		0F872239295E043E00D6440C /* Release */ = {
			isa = XCBuildConfiguration;
			buildSettings = {
				ALWAYS_SEARCH_USER_PATHS = NO;
				CLANG_ANALYZER_NONNULL = YES;
				CLANG_ANALYZER_NUMBER_OBJECT_CONVERSION = YES_AGGRESSIVE;
				CLANG_CXX_LANGUAGE_STANDARD = "gnu++20";
				CLANG_ENABLE_MODULES = YES;
				CLANG_ENABLE_OBJC_ARC = YES;
				CLANG_ENABLE_OBJC_WEAK = YES;
				CLANG_WARN_BLOCK_CAPTURE_AUTORELEASING = YES;
				CLANG_WARN_BOOL_CONVERSION = YES;
				CLANG_WARN_COMMA = YES;
				CLANG_WARN_CONSTANT_CONVERSION = YES;
				CLANG_WARN_DEPRECATED_OBJC_IMPLEMENTATIONS = YES;
				CLANG_WARN_DIRECT_OBJC_ISA_USAGE = YES_ERROR;
				CLANG_WARN_DOCUMENTATION_COMMENTS = YES;
				CLANG_WARN_EMPTY_BODY = YES;
				CLANG_WARN_ENUM_CONVERSION = YES;
				CLANG_WARN_INFINITE_RECURSION = YES;
				CLANG_WARN_INT_CONVERSION = YES;
				CLANG_WARN_NON_LITERAL_NULL_CONVERSION = YES;
				CLANG_WARN_OBJC_IMPLICIT_RETAIN_SELF = YES;
				CLANG_WARN_OBJC_LITERAL_CONVERSION = YES;
				CLANG_WARN_OBJC_ROOT_CLASS = YES_ERROR;
				CLANG_WARN_QUOTED_INCLUDE_IN_FRAMEWORK_HEADER = YES;
				CLANG_WARN_RANGE_LOOP_ANALYSIS = YES;
				CLANG_WARN_STRICT_PROTOTYPES = YES;
				CLANG_WARN_SUSPICIOUS_MOVE = YES;
				CLANG_WARN_UNGUARDED_AVAILABILITY = YES_AGGRESSIVE;
				CLANG_WARN_UNREACHABLE_CODE = YES;
				CLANG_WARN__DUPLICATE_METHOD_MATCH = YES;
				COPY_PHASE_STRIP = NO;
				DEBUG_INFORMATION_FORMAT = "dwarf-with-dsym";
				ENABLE_NS_ASSERTIONS = NO;
				ENABLE_STRICT_OBJC_MSGSEND = YES;
				GCC_C_LANGUAGE_STANDARD = gnu11;
				GCC_NO_COMMON_BLOCKS = YES;
				GCC_WARN_64_TO_32_BIT_CONVERSION = YES;
				GCC_WARN_ABOUT_RETURN_TYPE = YES_ERROR;
				GCC_WARN_UNDECLARED_SELECTOR = YES;
				GCC_WARN_UNINITIALIZED_AUTOS = YES_AGGRESSIVE;
				GCC_WARN_UNUSED_FUNCTION = YES;
				GCC_WARN_UNUSED_VARIABLE = YES;
				IPHONEOS_DEPLOYMENT_TARGET = 16.2;
				MTL_ENABLE_DEBUG_INFO = NO;
				MTL_FAST_MATH = YES;
				SDKROOT = iphoneos;
				SWIFT_COMPILATION_MODE = wholemodule;
				SWIFT_OPTIMIZATION_LEVEL = "-O";
				VALIDATE_PRODUCT = YES;
			};
			name = Release;
		};
		0F87223B295E043E00D6440C /* Debug */ = {
			isa = XCBuildConfiguration;
			buildSettings = {
				ASSETCATALOG_COMPILER_APPICON_NAME = AppIcon;
				ASSETCATALOG_COMPILER_GLOBAL_ACCENT_COLOR_NAME = AccentColor;
				CODE_SIGN_STYLE = Automatic;
				CURRENT_PROJECT_VERSION = 1;
				DEVELOPMENT_TEAM = 5Y9HP53SK5;
				GENERATE_INFOPLIST_FILE = YES;
				INFOPLIST_FILE = RideSharer/Info.plist;
				INFOPLIST_KEY_UIApplicationSupportsIndirectInputEvents = YES;
				INFOPLIST_KEY_UILaunchStoryboardName = LaunchScreen;
				INFOPLIST_KEY_UIMainStoryboardFile = Main;
				INFOPLIST_KEY_UISupportedInterfaceOrientations_iPad = "UIInterfaceOrientationPortrait UIInterfaceOrientationPortraitUpsideDown UIInterfaceOrientationLandscapeLeft UIInterfaceOrientationLandscapeRight";
				INFOPLIST_KEY_UISupportedInterfaceOrientations_iPhone = "UIInterfaceOrientationPortrait UIInterfaceOrientationLandscapeLeft UIInterfaceOrientationLandscapeRight";
				LD_RUNPATH_SEARCH_PATHS = (
					"$(inherited)",
					"@executable_path/Frameworks",
				);
				MARKETING_VERSION = 1.0;
				PRODUCT_BUNDLE_IDENTIFIER = "com.shankaralemagar91-icloud.RideSharer";
				PRODUCT_NAME = "$(TARGET_NAME)";
				SWIFT_EMIT_LOC_STRINGS = YES;
				SWIFT_VERSION = 5.0;
				TARGETED_DEVICE_FAMILY = "1,2";
			};
			name = Debug;
		};
		0F87223C295E043E00D6440C /* Release */ = {
			isa = XCBuildConfiguration;
			buildSettings = {
				ASSETCATALOG_COMPILER_APPICON_NAME = AppIcon;
				ASSETCATALOG_COMPILER_GLOBAL_ACCENT_COLOR_NAME = AccentColor;
				CODE_SIGN_STYLE = Automatic;
				CURRENT_PROJECT_VERSION = 1;
				DEVELOPMENT_TEAM = 5Y9HP53SK5;
				GENERATE_INFOPLIST_FILE = YES;
				INFOPLIST_FILE = RideSharer/Info.plist;
				INFOPLIST_KEY_UIApplicationSupportsIndirectInputEvents = YES;
				INFOPLIST_KEY_UILaunchStoryboardName = LaunchScreen;
				INFOPLIST_KEY_UIMainStoryboardFile = Main;
				INFOPLIST_KEY_UISupportedInterfaceOrientations_iPad = "UIInterfaceOrientationPortrait UIInterfaceOrientationPortraitUpsideDown UIInterfaceOrientationLandscapeLeft UIInterfaceOrientationLandscapeRight";
				INFOPLIST_KEY_UISupportedInterfaceOrientations_iPhone = "UIInterfaceOrientationPortrait UIInterfaceOrientationLandscapeLeft UIInterfaceOrientationLandscapeRight";
				LD_RUNPATH_SEARCH_PATHS = (
					"$(inherited)",
					"@executable_path/Frameworks",
				);
				MARKETING_VERSION = 1.0;
				PRODUCT_BUNDLE_IDENTIFIER = "com.shankaralemagar91-icloud.RideSharer";
				PRODUCT_NAME = "$(TARGET_NAME)";
				SWIFT_EMIT_LOC_STRINGS = YES;
				SWIFT_VERSION = 5.0;
				TARGETED_DEVICE_FAMILY = "1,2";
			};
			name = Release;
		};
		0F87223E295E043E00D6440C /* Debug */ = {
			isa = XCBuildConfiguration;
			buildSettings = {
				ALWAYS_EMBED_SWIFT_STANDARD_LIBRARIES = YES;
				BUNDLE_LOADER = "$(TEST_HOST)";
				CODE_SIGN_STYLE = Automatic;
				CURRENT_PROJECT_VERSION = 1;
				DEVELOPMENT_TEAM = 5Y9HP53SK5;
				GENERATE_INFOPLIST_FILE = YES;
				IPHONEOS_DEPLOYMENT_TARGET = 16.2;
				MARKETING_VERSION = 1.0;
				PRODUCT_BUNDLE_IDENTIFIER = "com.shankaralemagar91-icloud.RideSharerTests";
				PRODUCT_NAME = "$(TARGET_NAME)";
				SWIFT_EMIT_LOC_STRINGS = NO;
				SWIFT_VERSION = 5.0;
				TARGETED_DEVICE_FAMILY = "1,2";
				TEST_HOST = "$(BUILT_PRODUCTS_DIR)/RideSharer.app/$(BUNDLE_EXECUTABLE_FOLDER_PATH)/RideSharer";
			};
			name = Debug;
		};
		0F87223F295E043E00D6440C /* Release */ = {
			isa = XCBuildConfiguration;
			buildSettings = {
				ALWAYS_EMBED_SWIFT_STANDARD_LIBRARIES = YES;
				BUNDLE_LOADER = "$(TEST_HOST)";
				CODE_SIGN_STYLE = Automatic;
				CURRENT_PROJECT_VERSION = 1;
				DEVELOPMENT_TEAM = 5Y9HP53SK5;
				GENERATE_INFOPLIST_FILE = YES;
				IPHONEOS_DEPLOYMENT_TARGET = 16.2;
				MARKETING_VERSION = 1.0;
				PRODUCT_BUNDLE_IDENTIFIER = "com.shankaralemagar91-icloud.RideSharerTests";
				PRODUCT_NAME = "$(TARGET_NAME)";
				SWIFT_EMIT_LOC_STRINGS = NO;
				SWIFT_VERSION = 5.0;
				TARGETED_DEVICE_FAMILY = "1,2";
				TEST_HOST = "$(BUILT_PRODUCTS_DIR)/RideSharer.app/$(BUNDLE_EXECUTABLE_FOLDER_PATH)/RideSharer";
			};
			name = Release;
		};
		0F872241295E043E00D6440C /* Debug */ = {
			isa = XCBuildConfiguration;
			buildSettings = {
				ALWAYS_EMBED_SWIFT_STANDARD_LIBRARIES = YES;
				CODE_SIGN_STYLE = Automatic;
				CURRENT_PROJECT_VERSION = 1;
				DEVELOPMENT_TEAM = 5Y9HP53SK5;
				GENERATE_INFOPLIST_FILE = YES;
				MARKETING_VERSION = 1.0;
				PRODUCT_BUNDLE_IDENTIFIER = "com.shankaralemagar91-icloud.RideSharerUITests";
				PRODUCT_NAME = "$(TARGET_NAME)";
				SWIFT_EMIT_LOC_STRINGS = NO;
				SWIFT_VERSION = 5.0;
				TARGETED_DEVICE_FAMILY = "1,2";
				TEST_TARGET_NAME = RideSharer;
			};
			name = Debug;
		};
		0F872242295E043E00D6440C /* Release */ = {
			isa = XCBuildConfiguration;
			buildSettings = {
				ALWAYS_EMBED_SWIFT_STANDARD_LIBRARIES = YES;
				CODE_SIGN_STYLE = Automatic;
				CURRENT_PROJECT_VERSION = 1;
				DEVELOPMENT_TEAM = 5Y9HP53SK5;
				GENERATE_INFOPLIST_FILE = YES;
				MARKETING_VERSION = 1.0;
				PRODUCT_BUNDLE_IDENTIFIER = "com.shankaralemagar91-icloud.RideSharerUITests";
				PRODUCT_NAME = "$(TARGET_NAME)";
				SWIFT_EMIT_LOC_STRINGS = NO;
				SWIFT_VERSION = 5.0;
				TARGETED_DEVICE_FAMILY = "1,2";
				TEST_TARGET_NAME = RideSharer;
			};
			name = Release;
		};
/* End XCBuildConfiguration section */

/* Begin XCConfigurationList section */
		0F87220B295E043D00D6440C /* Build configuration list for PBXProject "RideSharer" */ = {
			isa = XCConfigurationList;
			buildConfigurations = (
				0F872238295E043E00D6440C /* Debug */,
				0F872239295E043E00D6440C /* Release */,
			);
			defaultConfigurationIsVisible = 0;
			defaultConfigurationName = Release;
		};
		0F87223A295E043E00D6440C /* Build configuration list for PBXNativeTarget "RideSharer" */ = {
			isa = XCConfigurationList;
			buildConfigurations = (
				0F87223B295E043E00D6440C /* Debug */,
				0F87223C295E043E00D6440C /* Release */,
			);
			defaultConfigurationIsVisible = 0;
			defaultConfigurationName = Release;
		};
		0F87223D295E043E00D6440C /* Build configuration list for PBXNativeTarget "RideSharerTests" */ = {
			isa = XCConfigurationList;
			buildConfigurations = (
				0F87223E295E043E00D6440C /* Debug */,
				0F87223F295E043E00D6440C /* Release */,
			);
			defaultConfigurationIsVisible = 0;
			defaultConfigurationName = Release;
		};
		0F872240295E043E00D6440C /* Build configuration list for PBXNativeTarget "RideSharerUITests" */ = {
			isa = XCConfigurationList;
			buildConfigurations = (
				0F872241295E043E00D6440C /* Debug */,
				0F872242295E043E00D6440C /* Release */,
			);
			defaultConfigurationIsVisible = 0;
			defaultConfigurationName = Release;
		};
/* End XCConfigurationList section */
	};
	rootObject = 0F872208295E043D00D6440C /* Project object */;
}
