// !$*UTF8*$!
{
	archiveVersion = 1;
	classes = {
	};
	objectVersion = 56;
	objects = {

/* Begin PBXBuildFile section */
		0F372373295C92A700A61CA3 /* AppDelegate.swift in Sources */ = {isa = PBXBuildFile; fileRef = 0F372372295C92A700A61CA3 /* AppDelegate.swift */; };
		0F372375295C92A700A61CA3 /* SceneDelegate.swift in Sources */ = {isa = PBXBuildFile; fileRef = 0F372374295C92A700A61CA3 /* SceneDelegate.swift */; };
		0F372377295C92A700A61CA3 /* ViewController.swift in Sources */ = {isa = PBXBuildFile; fileRef = 0F372376295C92A700A61CA3 /* ViewController.swift */; };
		0F37237A295C92A700A61CA3 /* Main.storyboard in Resources */ = {isa = PBXBuildFile; fileRef = 0F372378295C92A700A61CA3 /* Main.storyboard */; };
		0F37237C295C92A700A61CA3 /* Assets.xcassets in Resources */ = {isa = PBXBuildFile; fileRef = 0F37237B295C92A700A61CA3 /* Assets.xcassets */; };
		0F37237F295C92A700A61CA3 /* LaunchScreen.storyboard in Resources */ = {isa = PBXBuildFile; fileRef = 0F37237D295C92A700A61CA3 /* LaunchScreen.storyboard */; };
		0F37238A295C92A800A61CA3 /* RideSharerTests.swift in Sources */ = {isa = PBXBuildFile; fileRef = 0F372389295C92A800A61CA3 /* RideSharerTests.swift */; };
		0F372394295C92A800A61CA3 /* RideSharerUITests.swift in Sources */ = {isa = PBXBuildFile; fileRef = 0F372393295C92A800A61CA3 /* RideSharerUITests.swift */; };
		0F372396295C92A800A61CA3 /* RideSharerUITestsLaunchTests.swift in Sources */ = {isa = PBXBuildFile; fileRef = 0F372395295C92A800A61CA3 /* RideSharerUITestsLaunchTests.swift */; };
/* End PBXBuildFile section */

/* Begin PBXContainerItemProxy section */
		0F372386295C92A800A61CA3 /* PBXContainerItemProxy */ = {
			isa = PBXContainerItemProxy;
			containerPortal = 0F372367295C92A700A61CA3 /* Project object */;
			proxyType = 1;
			remoteGlobalIDString = 0F37236E295C92A700A61CA3;
			remoteInfo = RideSharer;
		};
		0F372390295C92A800A61CA3 /* PBXContainerItemProxy */ = {
			isa = PBXContainerItemProxy;
			containerPortal = 0F372367295C92A700A61CA3 /* Project object */;
			proxyType = 1;
			remoteGlobalIDString = 0F37236E295C92A700A61CA3;
			remoteInfo = RideSharer;
		};
/* End PBXContainerItemProxy section */

/* Begin PBXFileReference section */
		0F37236F295C92A700A61CA3 /* RideSharer.app */ = {isa = PBXFileReference; explicitFileType = wrapper.application; includeInIndex = 0; path = RideSharer.app; sourceTree = BUILT_PRODUCTS_DIR; };
		0F372372295C92A700A61CA3 /* AppDelegate.swift */ = {isa = PBXFileReference; lastKnownFileType = sourcecode.swift; path = AppDelegate.swift; sourceTree = "<group>"; };
		0F372374295C92A700A61CA3 /* SceneDelegate.swift */ = {isa = PBXFileReference; lastKnownFileType = sourcecode.swift; path = SceneDelegate.swift; sourceTree = "<group>"; };
		0F372376295C92A700A61CA3 /* ViewController.swift */ = {isa = PBXFileReference; lastKnownFileType = sourcecode.swift; path = ViewController.swift; sourceTree = "<group>"; };
		0F372379295C92A700A61CA3 /* Base */ = {isa = PBXFileReference; lastKnownFileType = file.storyboard; name = Base; path = Base.lproj/Main.storyboard; sourceTree = "<group>"; };
		0F37237B295C92A700A61CA3 /* Assets.xcassets */ = {isa = PBXFileReference; lastKnownFileType = folder.assetcatalog; path = Assets.xcassets; sourceTree = "<group>"; };
		0F37237E295C92A700A61CA3 /* Base */ = {isa = PBXFileReference; lastKnownFileType = file.storyboard; name = Base; path = Base.lproj/LaunchScreen.storyboard; sourceTree = "<group>"; };
		0F372380295C92A700A61CA3 /* Info.plist */ = {isa = PBXFileReference; lastKnownFileType = text.plist.xml; path = Info.plist; sourceTree = "<group>"; };
		0F372385295C92A800A61CA3 /* RideSharerTests.xctest */ = {isa = PBXFileReference; explicitFileType = wrapper.cfbundle; includeInIndex = 0; path = RideSharerTests.xctest; sourceTree = BUILT_PRODUCTS_DIR; };
		0F372389295C92A800A61CA3 /* RideSharerTests.swift */ = {isa = PBXFileReference; lastKnownFileType = sourcecode.swift; path = RideSharerTests.swift; sourceTree = "<group>"; };
		0F37238F295C92A800A61CA3 /* RideSharerUITests.xctest */ = {isa = PBXFileReference; explicitFileType = wrapper.cfbundle; includeInIndex = 0; path = RideSharerUITests.xctest; sourceTree = BUILT_PRODUCTS_DIR; };
		0F372393295C92A800A61CA3 /* RideSharerUITests.swift */ = {isa = PBXFileReference; lastKnownFileType = sourcecode.swift; path = RideSharerUITests.swift; sourceTree = "<group>"; };
		0F372395295C92A800A61CA3 /* RideSharerUITestsLaunchTests.swift */ = {isa = PBXFileReference; lastKnownFileType = sourcecode.swift; path = RideSharerUITestsLaunchTests.swift; sourceTree = "<group>"; };
/* End PBXFileReference section */

/* Begin PBXFrameworksBuildPhase section */
		0F37236C295C92A700A61CA3 /* Frameworks */ = {
			isa = PBXFrameworksBuildPhase;
			buildActionMask = 2147483647;
			files = (
			);
			runOnlyForDeploymentPostprocessing = 0;
		};
		0F372382295C92A800A61CA3 /* Frameworks */ = {
			isa = PBXFrameworksBuildPhase;
			buildActionMask = 2147483647;
			files = (
			);
			runOnlyForDeploymentPostprocessing = 0;
		};
		0F37238C295C92A800A61CA3 /* Frameworks */ = {
			isa = PBXFrameworksBuildPhase;
			buildActionMask = 2147483647;
			files = (
			);
			runOnlyForDeploymentPostprocessing = 0;
		};
/* End PBXFrameworksBuildPhase section */

/* Begin PBXGroup section */
		0F372366295C92A700A61CA3 = {
			isa = PBXGroup;
			children = (
				0F372371295C92A700A61CA3 /* RideSharer */,
				0F372388295C92A800A61CA3 /* RideSharerTests */,
				0F372392295C92A800A61CA3 /* RideSharerUITests */,
				0F372370295C92A700A61CA3 /* Products */,
			);
			sourceTree = "<group>";
		};
		0F372370295C92A700A61CA3 /* Products */ = {
			isa = PBXGroup;
			children = (
				0F37236F295C92A700A61CA3 /* RideSharer.app */,
				0F372385295C92A800A61CA3 /* RideSharerTests.xctest */,
				0F37238F295C92A800A61CA3 /* RideSharerUITests.xctest */,
			);
			name = Products;
			sourceTree = "<group>";
		};
		0F372371295C92A700A61CA3 /* RideSharer */ = {
			isa = PBXGroup;
			children = (
				0F372372295C92A700A61CA3 /* AppDelegate.swift */,
				0F372374295C92A700A61CA3 /* SceneDelegate.swift */,
				0F372376295C92A700A61CA3 /* ViewController.swift */,
				0F372378295C92A700A61CA3 /* Main.storyboard */,
				0F37237B295C92A700A61CA3 /* Assets.xcassets */,
				0F37237D295C92A700A61CA3 /* LaunchScreen.storyboard */,
				0F372380295C92A700A61CA3 /* Info.plist */,
			);
			path = RideSharer;
			sourceTree = "<group>";
		};
		0F372388295C92A800A61CA3 /* RideSharerTests */ = {
			isa = PBXGroup;
			children = (
				0F372389295C92A800A61CA3 /* RideSharerTests.swift */,
			);
			path = RideSharerTests;
			sourceTree = "<group>";
		};
		0F372392295C92A800A61CA3 /* RideSharerUITests */ = {
			isa = PBXGroup;
			children = (
				0F372393295C92A800A61CA3 /* RideSharerUITests.swift */,
				0F372395295C92A800A61CA3 /* RideSharerUITestsLaunchTests.swift */,
			);
			path = RideSharerUITests;
			sourceTree = "<group>";
		};
/* End PBXGroup section */

/* Begin PBXNativeTarget section */
		0F37236E295C92A700A61CA3 /* RideSharer */ = {
			isa = PBXNativeTarget;
			buildConfigurationList = 0F372399295C92A800A61CA3 /* Build configuration list for PBXNativeTarget "RideSharer" */;
			buildPhases = (
				0F37236B295C92A700A61CA3 /* Sources */,
				0F37236C295C92A700A61CA3 /* Frameworks */,
				0F37236D295C92A700A61CA3 /* Resources */,
			);
			buildRules = (
			);
			dependencies = (
			);
			name = RideSharer;
			productName = RideSharer;
			productReference = 0F37236F295C92A700A61CA3 /* RideSharer.app */;
			productType = "com.apple.product-type.application";
		};
		0F372384295C92A800A61CA3 /* RideSharerTests */ = {
			isa = PBXNativeTarget;
			buildConfigurationList = 0F37239C295C92A800A61CA3 /* Build configuration list for PBXNativeTarget "RideSharerTests" */;
			buildPhases = (
				0F372381295C92A800A61CA3 /* Sources */,
				0F372382295C92A800A61CA3 /* Frameworks */,
				0F372383295C92A800A61CA3 /* Resources */,
			);
			buildRules = (
			);
			dependencies = (
				0F372387295C92A800A61CA3 /* PBXTargetDependency */,
			);
			name = RideSharerTests;
			productName = RideSharerTests;
			productReference = 0F372385295C92A800A61CA3 /* RideSharerTests.xctest */;
			productType = "com.apple.product-type.bundle.unit-test";
		};
		0F37238E295C92A800A61CA3 /* RideSharerUITests */ = {
			isa = PBXNativeTarget;
			buildConfigurationList = 0F37239F295C92A800A61CA3 /* Build configuration list for PBXNativeTarget "RideSharerUITests" */;
			buildPhases = (
				0F37238B295C92A800A61CA3 /* Sources */,
				0F37238C295C92A800A61CA3 /* Frameworks */,
				0F37238D295C92A800A61CA3 /* Resources */,
			);
			buildRules = (
			);
			dependencies = (
				0F372391295C92A800A61CA3 /* PBXTargetDependency */,
			);
			name = RideSharerUITests;
			productName = RideSharerUITests;
			productReference = 0F37238F295C92A800A61CA3 /* RideSharerUITests.xctest */;
			productType = "com.apple.product-type.bundle.ui-testing";
		};
/* End PBXNativeTarget section */

/* Begin PBXProject section */
		0F372367295C92A700A61CA3 /* Project object */ = {
			isa = PBXProject;
			attributes = {
				BuildIndependentTargetsInParallel = 1;
				LastSwiftUpdateCheck = 1420;
				LastUpgradeCheck = 1420;
				TargetAttributes = {
					0F37236E295C92A700A61CA3 = {
						CreatedOnToolsVersion = 14.2;
					};
					0F372384295C92A800A61CA3 = {
						CreatedOnToolsVersion = 14.2;
						TestTargetID = 0F37236E295C92A700A61CA3;
					};
					0F37238E295C92A800A61CA3 = {
						CreatedOnToolsVersion = 14.2;
						TestTargetID = 0F37236E295C92A700A61CA3;
					};
				};
			};
			buildConfigurationList = 0F37236A295C92A700A61CA3 /* Build configuration list for PBXProject "RideSharer" */;
			compatibilityVersion = "Xcode 14.0";
			developmentRegion = en;
			hasScannedForEncodings = 0;
			knownRegions = (
				en,
				Base,
			);
			mainGroup = 0F372366295C92A700A61CA3;
			productRefGroup = 0F372370295C92A700A61CA3 /* Products */;
			projectDirPath = "";
			projectRoot = "";
			targets = (
				0F37236E295C92A700A61CA3 /* RideSharer */,
				0F372384295C92A800A61CA3 /* RideSharerTests */,
				0F37238E295C92A800A61CA3 /* RideSharerUITests */,
			);
		};
/* End PBXProject section */

/* Begin PBXResourcesBuildPhase section */
		0F37236D295C92A700A61CA3 /* Resources */ = {
			isa = PBXResourcesBuildPhase;
			buildActionMask = 2147483647;
			files = (
				0F37237F295C92A700A61CA3 /* LaunchScreen.storyboard in Resources */,
				0F37237C295C92A700A61CA3 /* Assets.xcassets in Resources */,
				0F37237A295C92A700A61CA3 /* Main.storyboard in Resources */,
			);
			runOnlyForDeploymentPostprocessing = 0;
		};
		0F372383295C92A800A61CA3 /* Resources */ = {
			isa = PBXResourcesBuildPhase;
			buildActionMask = 2147483647;
			files = (
			);
			runOnlyForDeploymentPostprocessing = 0;
		};
		0F37238D295C92A800A61CA3 /* Resources */ = {
			isa = PBXResourcesBuildPhase;
			buildActionMask = 2147483647;
			files = (
			);
			runOnlyForDeploymentPostprocessing = 0;
		};
/* End PBXResourcesBuildPhase section */

/* Begin PBXSourcesBuildPhase section */
		0F37236B295C92A700A61CA3 /* Sources */ = {
			isa = PBXSourcesBuildPhase;
			buildActionMask = 2147483647;
			files = (
				0F372377295C92A700A61CA3 /* ViewController.swift in Sources */,
				0F372373295C92A700A61CA3 /* AppDelegate.swift in Sources */,
				0F372375295C92A700A61CA3 /* SceneDelegate.swift in Sources */,
			);
			runOnlyForDeploymentPostprocessing = 0;
		};
		0F372381295C92A800A61CA3 /* Sources */ = {
			isa = PBXSourcesBuildPhase;
			buildActionMask = 2147483647;
			files = (
				0F37238A295C92A800A61CA3 /* RideSharerTests.swift in Sources */,
			);
			runOnlyForDeploymentPostprocessing = 0;
		};
		0F37238B295C92A800A61CA3 /* Sources */ = {
			isa = PBXSourcesBuildPhase;
			buildActionMask = 2147483647;
			files = (
				0F372394295C92A800A61CA3 /* RideSharerUITests.swift in Sources */,
				0F372396295C92A800A61CA3 /* RideSharerUITestsLaunchTests.swift in Sources */,
			);
			runOnlyForDeploymentPostprocessing = 0;
		};
/* End PBXSourcesBuildPhase section */

/* Begin PBXTargetDependency section */
		0F372387295C92A800A61CA3 /* PBXTargetDependency */ = {
			isa = PBXTargetDependency;
			target = 0F37236E295C92A700A61CA3 /* RideSharer */;
			targetProxy = 0F372386295C92A800A61CA3 /* PBXContainerItemProxy */;
		};
		0F372391295C92A800A61CA3 /* PBXTargetDependency */ = {
			isa = PBXTargetDependency;
			target = 0F37236E295C92A700A61CA3 /* RideSharer */;
			targetProxy = 0F372390295C92A800A61CA3 /* PBXContainerItemProxy */;
		};
/* End PBXTargetDependency section */

/* Begin PBXVariantGroup section */
		0F372378295C92A700A61CA3 /* Main.storyboard */ = {
			isa = PBXVariantGroup;
			children = (
				0F372379295C92A700A61CA3 /* Base */,
			);
			name = Main.storyboard;
			sourceTree = "<group>";
		};
		0F37237D295C92A700A61CA3 /* LaunchScreen.storyboard */ = {
			isa = PBXVariantGroup;
			children = (
				0F37237E295C92A700A61CA3 /* Base */,
			);
			name = LaunchScreen.storyboard;
			sourceTree = "<group>";
		};
/* End PBXVariantGroup section */

/* Begin XCBuildConfiguration section */
		0F372397295C92A800A61CA3 /* Debug */ = {
			isa = XCBuildConfiguration;
			buildSettings = {
				ALWAYS_SEARCH_USER_PATHS = NO;
				CLANG_ANALYZER_NONNULL = YES;
				CLANG_ANALYZER_NUMBER_OBJECT_CONVERSION = YES_AGGRESSIVE;
				CLANG_CXX_LANGUAGE_STANDARD = "gnu++20";
				CLANG_ENABLE_MODULES = YES;
				CLANG_ENABLE_OBJC_ARC = YES;
				CLANG_ENABLE_OBJC_WEAK = YES;
				CLANG_WARN_BLOCK_CAPTURE_AUTORELEASING = YES;
				CLANG_WARN_BOOL_CONVERSION = YES;
				CLANG_WARN_COMMA = YES;
				CLANG_WARN_CONSTANT_CONVERSION = YES;
				CLANG_WARN_DEPRECATED_OBJC_IMPLEMENTATIONS = YES;
				CLANG_WARN_DIRECT_OBJC_ISA_USAGE = YES_ERROR;
				CLANG_WARN_DOCUMENTATION_COMMENTS = YES;
				CLANG_WARN_EMPTY_BODY = YES;
				CLANG_WARN_ENUM_CONVERSION = YES;
				CLANG_WARN_INFINITE_RECURSION = YES;
				CLANG_WARN_INT_CONVERSION = YES;
				CLANG_WARN_NON_LITERAL_NULL_CONVERSION = YES;
				CLANG_WARN_OBJC_IMPLICIT_RETAIN_SELF = YES;
				CLANG_WARN_OBJC_LITERAL_CONVERSION = YES;
				CLANG_WARN_OBJC_ROOT_CLASS = YES_ERROR;
				CLANG_WARN_QUOTED_INCLUDE_IN_FRAMEWORK_HEADER = YES;
				CLANG_WARN_RANGE_LOOP_ANALYSIS = YES;
				CLANG_WARN_STRICT_PROTOTYPES = YES;
				CLANG_WARN_SUSPICIOUS_MOVE = YES;
				CLANG_WARN_UNGUARDED_AVAILABILITY = YES_AGGRESSIVE;
				CLANG_WARN_UNREACHABLE_CODE = YES;
				CLANG_WARN__DUPLICATE_METHOD_MATCH = YES;
				COPY_PHASE_STRIP = NO;
				DEBUG_INFORMATION_FORMAT = dwarf;
				ENABLE_STRICT_OBJC_MSGSEND = YES;
				ENABLE_TESTABILITY = YES;
				GCC_C_LANGUAGE_STANDARD = gnu11;
				GCC_DYNAMIC_NO_PIC = NO;
				GCC_NO_COMMON_BLOCKS = YES;
				GCC_OPTIMIZATION_LEVEL = 0;
				GCC_PREPROCESSOR_DEFINITIONS = (
					"DEBUG=1",
					"$(inherited)",
				);
				GCC_WARN_64_TO_32_BIT_CONVERSION = YES;
				GCC_WARN_ABOUT_RETURN_TYPE = YES_ERROR;
				GCC_WARN_UNDECLARED_SELECTOR = YES;
				GCC_WARN_UNINITIALIZED_AUTOS = YES_AGGRESSIVE;
				GCC_WARN_UNUSED_FUNCTION = YES;
				GCC_WARN_UNUSED_VARIABLE = YES;
				IPHONEOS_DEPLOYMENT_TARGET = 16.2;
				MTL_ENABLE_DEBUG_INFO = INCLUDE_SOURCE;
				MTL_FAST_MATH = YES;
				ONLY_ACTIVE_ARCH = YES;
				SDKROOT = iphoneos;
				SWIFT_ACTIVE_COMPILATION_CONDITIONS = DEBUG;
				SWIFT_OPTIMIZATION_LEVEL = "-Onone";
			};
			name = Debug;
		};
		0F372398295C92A800A61CA3 /* Release */ = {
			isa = XCBuildConfiguration;
			buildSettings = {
				ALWAYS_SEARCH_USER_PATHS = NO;
				CLANG_ANALYZER_NONNULL = YES;
				CLANG_ANALYZER_NUMBER_OBJECT_CONVERSION = YES_AGGRESSIVE;
				CLANG_CXX_LANGUAGE_STANDARD = "gnu++20";
				CLANG_ENABLE_MODULES = YES;
				CLANG_ENABLE_OBJC_ARC = YES;
				CLANG_ENABLE_OBJC_WEAK = YES;
				CLANG_WARN_BLOCK_CAPTURE_AUTORELEASING = YES;
				CLANG_WARN_BOOL_CONVERSION = YES;
				CLANG_WARN_COMMA = YES;
				CLANG_WARN_CONSTANT_CONVERSION = YES;
				CLANG_WARN_DEPRECATED_OBJC_IMPLEMENTATIONS = YES;
				CLANG_WARN_DIRECT_OBJC_ISA_USAGE = YES_ERROR;
				CLANG_WARN_DOCUMENTATION_COMMENTS = YES;
				CLANG_WARN_EMPTY_BODY = YES;
				CLANG_WARN_ENUM_CONVERSION = YES;
				CLANG_WARN_INFINITE_RECURSION = YES;
				CLANG_WARN_INT_CONVERSION = YES;
				CLANG_WARN_NON_LITERAL_NULL_CONVERSION = YES;
				CLANG_WARN_OBJC_IMPLICIT_RETAIN_SELF = YES;
				CLANG_WARN_OBJC_LITERAL_CONVERSION = YES;
				CLANG_WARN_OBJC_ROOT_CLASS = YES_ERROR;
				CLANG_WARN_QUOTED_INCLUDE_IN_FRAMEWORK_HEADER = YES;
				CLANG_WARN_RANGE_LOOP_ANALYSIS = YES;
				CLANG_WARN_STRICT_PROTOTYPES = YES;
				CLANG_WARN_SUSPICIOUS_MOVE = YES;
				CLANG_WARN_UNGUARDED_AVAILABILITY = YES_AGGRESSIVE;
				CLANG_WARN_UNREACHABLE_CODE = YES;
				CLANG_WARN__DUPLICATE_METHOD_MATCH = YES;
				COPY_PHASE_STRIP = NO;
				DEBUG_INFORMATION_FORMAT = "dwarf-with-dsym";
				ENABLE_NS_ASSERTIONS = NO;
				ENABLE_STRICT_OBJC_MSGSEND = YES;
				GCC_C_LANGUAGE_STANDARD = gnu11;
				GCC_NO_COMMON_BLOCKS = YES;
				GCC_WARN_64_TO_32_BIT_CONVERSION = YES;
				GCC_WARN_ABOUT_RETURN_TYPE = YES_ERROR;
				GCC_WARN_UNDECLARED_SELECTOR = YES;
				GCC_WARN_UNINITIALIZED_AUTOS = YES_AGGRESSIVE;
				GCC_WARN_UNUSED_FUNCTION = YES;
				GCC_WARN_UNUSED_VARIABLE = YES;
				IPHONEOS_DEPLOYMENT_TARGET = 16.2;
				MTL_ENABLE_DEBUG_INFO = NO;
				MTL_FAST_MATH = YES;
				SDKROOT = iphoneos;
				SWIFT_COMPILATION_MODE = wholemodule;
				SWIFT_OPTIMIZATION_LEVEL = "-O";
				VALIDATE_PRODUCT = YES;
			};
			name = Release;
		};
		0F37239A295C92A800A61CA3 /* Debug */ = {
			isa = XCBuildConfiguration;
			buildSettings = {
				ASSETCATALOG_COMPILER_APPICON_NAME = AppIcon;
				ASSETCATALOG_COMPILER_GLOBAL_ACCENT_COLOR_NAME = AccentColor;
				CODE_SIGN_STYLE = Automatic;
				CURRENT_PROJECT_VERSION = 1;
				DEVELOPMENT_TEAM = 5Y9HP53SK5;
				GENERATE_INFOPLIST_FILE = YES;
				INFOPLIST_FILE = RideSharer/Info.plist;
				INFOPLIST_KEY_UIApplicationSupportsIndirectInputEvents = YES;
				INFOPLIST_KEY_UILaunchStoryboardName = LaunchScreen;
				INFOPLIST_KEY_UIMainStoryboardFile = Main;
				INFOPLIST_KEY_UISupportedInterfaceOrientations_iPad = "UIInterfaceOrientationPortrait UIInterfaceOrientationPortraitUpsideDown UIInterfaceOrientationLandscapeLeft UIInterfaceOrientationLandscapeRight";
				INFOPLIST_KEY_UISupportedInterfaceOrientations_iPhone = "UIInterfaceOrientationPortrait UIInterfaceOrientationLandscapeLeft UIInterfaceOrientationLandscapeRight";
				LD_RUNPATH_SEARCH_PATHS = (
					"$(inherited)",
					"@executable_path/Frameworks",
				);
				MARKETING_VERSION = 1.0;
				PRODUCT_BUNDLE_IDENTIFIER = "com.shankaralemagar91-icloud.RideSharer";
				PRODUCT_NAME = "$(TARGET_NAME)";
				SWIFT_EMIT_LOC_STRINGS = YES;
				SWIFT_VERSION = 5.0;
				TARGETED_DEVICE_FAMILY = "1,2";
			};
			name = Debug;
		};
		0F37239B295C92A800A61CA3 /* Release */ = {
			isa = XCBuildConfiguration;
			buildSettings = {
				ASSETCATALOG_COMPILER_APPICON_NAME = AppIcon;
				ASSETCATALOG_COMPILER_GLOBAL_ACCENT_COLOR_NAME = AccentColor;
				CODE_SIGN_STYLE = Automatic;
				CURRENT_PROJECT_VERSION = 1;
				DEVELOPMENT_TEAM = 5Y9HP53SK5;
				GENERATE_INFOPLIST_FILE = YES;
				INFOPLIST_FILE = RideSharer/Info.plist;
				INFOPLIST_KEY_UIApplicationSupportsIndirectInputEvents = YES;
				INFOPLIST_KEY_UILaunchStoryboardName = LaunchScreen;
				INFOPLIST_KEY_UIMainStoryboardFile = Main;
				INFOPLIST_KEY_UISupportedInterfaceOrientations_iPad = "UIInterfaceOrientationPortrait UIInterfaceOrientationPortraitUpsideDown UIInterfaceOrientationLandscapeLeft UIInterfaceOrientationLandscapeRight";
				INFOPLIST_KEY_UISupportedInterfaceOrientations_iPhone = "UIInterfaceOrientationPortrait UIInterfaceOrientationLandscapeLeft UIInterfaceOrientationLandscapeRight";
				LD_RUNPATH_SEARCH_PATHS = (
					"$(inherited)",
					"@executable_path/Frameworks",
				);
				MARKETING_VERSION = 1.0;
				PRODUCT_BUNDLE_IDENTIFIER = "com.shankaralemagar91-icloud.RideSharer";
				PRODUCT_NAME = "$(TARGET_NAME)";
				SWIFT_EMIT_LOC_STRINGS = YES;
				SWIFT_VERSION = 5.0;
				TARGETED_DEVICE_FAMILY = "1,2";
			};
			name = Release;
		};
		0F37239D295C92A800A61CA3 /* Debug */ = {
			isa = XCBuildConfiguration;
			buildSettings = {
				ALWAYS_EMBED_SWIFT_STANDARD_LIBRARIES = YES;
				BUNDLE_LOADER = "$(TEST_HOST)";
				CODE_SIGN_STYLE = Automatic;
				CURRENT_PROJECT_VERSION = 1;
				DEVELOPMENT_TEAM = 5Y9HP53SK5;
				GENERATE_INFOPLIST_FILE = YES;
				IPHONEOS_DEPLOYMENT_TARGET = 16.2;
				MARKETING_VERSION = 1.0;
				PRODUCT_BUNDLE_IDENTIFIER = "com.shankaralemagar91-icloud.RideSharerTests";
				PRODUCT_NAME = "$(TARGET_NAME)";
				SWIFT_EMIT_LOC_STRINGS = NO;
				SWIFT_VERSION = 5.0;
				TARGETED_DEVICE_FAMILY = "1,2";
				TEST_HOST = "$(BUILT_PRODUCTS_DIR)/RideSharer.app/$(BUNDLE_EXECUTABLE_FOLDER_PATH)/RideSharer";
			};
			name = Debug;
		};
		0F37239E295C92A800A61CA3 /* Release */ = {
			isa = XCBuildConfiguration;
			buildSettings = {
				ALWAYS_EMBED_SWIFT_STANDARD_LIBRARIES = YES;
				BUNDLE_LOADER = "$(TEST_HOST)";
				CODE_SIGN_STYLE = Automatic;
				CURRENT_PROJECT_VERSION = 1;
				DEVELOPMENT_TEAM = 5Y9HP53SK5;
				GENERATE_INFOPLIST_FILE = YES;
				IPHONEOS_DEPLOYMENT_TARGET = 16.2;
				MARKETING_VERSION = 1.0;
				PRODUCT_BUNDLE_IDENTIFIER = "com.shankaralemagar91-icloud.RideSharerTests";
				PRODUCT_NAME = "$(TARGET_NAME)";
				SWIFT_EMIT_LOC_STRINGS = NO;
				SWIFT_VERSION = 5.0;
				TARGETED_DEVICE_FAMILY = "1,2";
				TEST_HOST = "$(BUILT_PRODUCTS_DIR)/RideSharer.app/$(BUNDLE_EXECUTABLE_FOLDER_PATH)/RideSharer";
			};
			name = Release;
		};
		0F3723A0295C92A800A61CA3 /* Debug */ = {
			isa = XCBuildConfiguration;
			buildSettings = {
				ALWAYS_EMBED_SWIFT_STANDARD_LIBRARIES = YES;
				CODE_SIGN_STYLE = Automatic;
				CURRENT_PROJECT_VERSION = 1;
				DEVELOPMENT_TEAM = 5Y9HP53SK5;
				GENERATE_INFOPLIST_FILE = YES;
				MARKETING_VERSION = 1.0;
				PRODUCT_BUNDLE_IDENTIFIER = "com.shankaralemagar91-icloud.RideSharerUITests";
				PRODUCT_NAME = "$(TARGET_NAME)";
				SWIFT_EMIT_LOC_STRINGS = NO;
				SWIFT_VERSION = 5.0;
				TARGETED_DEVICE_FAMILY = "1,2";
				TEST_TARGET_NAME = RideSharer;
			};
			name = Debug;
		};
		0F3723A1295C92A800A61CA3 /* Release */ = {
			isa = XCBuildConfiguration;
			buildSettings = {
				ALWAYS_EMBED_SWIFT_STANDARD_LIBRARIES = YES;
				CODE_SIGN_STYLE = Automatic;
				CURRENT_PROJECT_VERSION = 1;
				DEVELOPMENT_TEAM = 5Y9HP53SK5;
				GENERATE_INFOPLIST_FILE = YES;
				MARKETING_VERSION = 1.0;
				PRODUCT_BUNDLE_IDENTIFIER = "com.shankaralemagar91-icloud.RideSharerUITests";
				PRODUCT_NAME = "$(TARGET_NAME)";
				SWIFT_EMIT_LOC_STRINGS = NO;
				SWIFT_VERSION = 5.0;
				TARGETED_DEVICE_FAMILY = "1,2";
				TEST_TARGET_NAME = RideSharer;
			};
			name = Release;
		};
/* End XCBuildConfiguration section */

/* Begin XCConfigurationList section */
		0F37236A295C92A700A61CA3 /* Build configuration list for PBXProject "RideSharer" */ = {
			isa = XCConfigurationList;
			buildConfigurations = (
				0F372397295C92A800A61CA3 /* Debug */,
				0F372398295C92A800A61CA3 /* Release */,
			);
			defaultConfigurationIsVisible = 0;
			defaultConfigurationName = Release;
		};
		0F372399295C92A800A61CA3 /* Build configuration list for PBXNativeTarget "RideSharer" */ = {
			isa = XCConfigurationList;
			buildConfigurations = (
				0F37239A295C92A800A61CA3 /* Debug */,
				0F37239B295C92A800A61CA3 /* Release */,
			);
			defaultConfigurationIsVisible = 0;
			defaultConfigurationName = Release;
		};
		0F37239C295C92A800A61CA3 /* Build configuration list for PBXNativeTarget "RideSharerTests" */ = {
			isa = XCConfigurationList;
			buildConfigurations = (
				0F37239D295C92A800A61CA3 /* Debug */,
				0F37239E295C92A800A61CA3 /* Release */,
			);
			defaultConfigurationIsVisible = 0;
			defaultConfigurationName = Release;
		};
		0F37239F295C92A800A61CA3 /* Build configuration list for PBXNativeTarget "RideSharerUITests" */ = {
			isa = XCConfigurationList;
			buildConfigurations = (
				0F3723A0295C92A800A61CA3 /* Debug */,
				0F3723A1295C92A800A61CA3 /* Release */,
			);
			defaultConfigurationIsVisible = 0;
			defaultConfigurationName = Release;
		};
/* End XCConfigurationList section */
	};
	rootObject = 0F372367295C92A700A61CA3 /* Project object */;
}
